
Microsoft Visual Studio Solution File, Format Version 12.00
# Visual Studio Version 17
VisualStudioVersion = 17.11.35222.181
MinimumVisualStudioVersion = 10.0.40219.1
Project("{FAE04EC0-301F-11D3-BF4B-00C04F79EFBC}") = "DiscoveringArrays", "DiscoveringArrays\DiscoveringArrays.csproj", "{5019F834-C263-42AE-BABC-23DC43E837CD}"
EndProject
Global
	GlobalSection(SolutionConfigurationPlatforms) = preSolution
		Debug|Any CPU = Debug|Any CPU
		Release|Any CPU = Release|Any CPU
	EndGlobalSection
	GlobalSection(ProjectConfigurationPlatforms) = postSolution
		{5019F834-C263-42AE-BABC-23DC43E837CD}.Debug|Any CPU.ActiveCfg = Debug|Any CPU
		{5019F834-C263-42AE-BABC-23DC43E837CD}.Debug|Any CPU.Build.0 = Debug|Any CPU
		{5019F834-C263-42AE-BABC-23DC43E837CD}.Release|Any CPU.ActiveCfg = Release|Any CPU
		{5019F834-C263-42AE-BABC-23DC43E837CD}.Release|Any CPU.Build.0 = Release|Any CPU
	EndGlobalSection
	GlobalSection(SolutionProperties) = preSolution
		HideSolutionNode = FALSE
	EndGlobalSection
	GlobalSection(ExtensibilityGlobals) = postSolution
		SolutionGuid = {0D3EE908-FC0F-443A-BE2C-3C9181D54437}
	EndGlobalSection
EndGlobal
