
Microsoft Visual Studio Solution File, Format Version 12.00
# Visual Studio Version 17
VisualStudioVersion = 17.11.35222.181
MinimumVisualStudioVersion = 10.0.40219.1
Project("{FAE04EC0-301F-11D3-BF4B-00C04F79EFBC}") = "IntroductionArithmeticExpressions", "IntroductionArithmeticExpressions\IntroductionArithmeticExpressions.csproj", "{3983B337-150A-4073-8EFD-A53E0E4F6710}"
EndProject
Global
	GlobalSection(SolutionConfigurationPlatforms) = preSolution
		Debug|Any CPU = Debug|Any CPU
		Release|Any CPU = Release|Any CPU
	EndGlobalSection
	GlobalSection(ProjectConfigurationPlatforms) = postSolution
		{3983B337-150A-4073-8EFD-A53E0E4F6710}.Debug|Any CPU.ActiveCfg = Debug|Any CPU
		{3983B337-150A-4073-8EFD-A53E0E4F6710}.Debug|Any CPU.Build.0 = Debug|Any CPU
		{3983B337-150A-4073-8EFD-A53E0E4F6710}.Release|Any CPU.ActiveCfg = Release|Any CPU
		{3983B337-150A-4073-8EFD-A53E0E4F6710}.Release|Any CPU.Build.0 = Release|Any CPU
	EndGlobalSection
	GlobalSection(SolutionProperties) = preSolution
		HideSolutionNode = FALSE
	EndGlobalSection
	GlobalSection(ExtensibilityGlobals) = postSolution
		SolutionGuid = {9992A418-25B5-433C-BC53-E396D53AE550}
	EndGlobalSection
EndGlobal
