
Microsoft Visual Studio Solution File, Format Version 12.00
# Visual Studio Version 17
VisualStudioVersion = 17.11.35222.181
MinimumVisualStudioVersion = 10.0.40219.1
Project("{9A19103F-16F7-4668-BE54-9A1E7A4F7556}") = "ProblemOne", "ProblemOne\ProblemOne.csproj", "{8427FBAA-99E3-4CB2-8905-D8763027B66A}"
EndProject
Project("{FAE04EC0-301F-11D3-BF4B-00C04F79EFBC}") = "ProblemTwo", "ProblemTwo\ProblemTwo.csproj", "{D2626F33-031E-4473-8E1A-F9DF718DA1C3}"
EndProject
Project("{FAE04EC0-301F-11D3-BF4B-00C04F79EFBC}") = "ProblemThree", "ProblemThree\ProblemThree.csproj", "{833D69B5-7A4C-4DC9-AE1B-638A966402A0}"
EndProject
Global
	GlobalSection(SolutionConfigurationPlatforms) = preSolution
		Debug|Any CPU = Debug|Any CPU
		Release|Any CPU = Release|Any CPU
	EndGlobalSection
	GlobalSection(ProjectConfigurationPlatforms) = postSolution
		{8427FBAA-99E3-4CB2-8905-D8763027B66A}.Debug|Any CPU.ActiveCfg = Debug|Any CPU
		{8427FBAA-99E3-4CB2-8905-D8763027B66A}.Debug|Any CPU.Build.0 = Debug|Any CPU
		{8427FBAA-99E3-4CB2-8905-D8763027B66A}.Release|Any CPU.ActiveCfg = Release|Any CPU
		{8427FBAA-99E3-4CB2-8905-D8763027B66A}.Release|Any CPU.Build.0 = Release|Any CPU
		{D2626F33-031E-4473-8E1A-F9DF718DA1C3}.Debug|Any CPU.ActiveCfg = Debug|Any CPU
		{D2626F33-031E-4473-8E1A-F9DF718DA1C3}.Debug|Any CPU.Build.0 = Debug|Any CPU
		{D2626F33-031E-4473-8E1A-F9DF718DA1C3}.Release|Any CPU.ActiveCfg = Release|Any CPU
		{D2626F33-031E-4473-8E1A-F9DF718DA1C3}.Release|Any CPU.Build.0 = Release|Any CPU
		{833D69B5-7A4C-4DC9-AE1B-638A966402A0}.Debug|Any CPU.ActiveCfg = Debug|Any CPU
		{833D69B5-7A4C-4DC9-AE1B-638A966402A0}.Debug|Any CPU.Build.0 = Debug|Any CPU
		{833D69B5-7A4C-4DC9-AE1B-638A966402A0}.Release|Any CPU.ActiveCfg = Release|Any CPU
		{833D69B5-7A4C-4DC9-AE1B-638A966402A0}.Release|Any CPU.Build.0 = Release|Any CPU
	EndGlobalSection
	GlobalSection(SolutionProperties) = preSolution
		HideSolutionNode = FALSE
	EndGlobalSection
	GlobalSection(ExtensibilityGlobals) = postSolution
		SolutionGuid = {FB40EA18-653C-4A52-BABC-48BC6BAEF8B3}
	EndGlobalSection
EndGlobal
